
Microsoft Visual Studio Solution File, Format Version 12.00
# Visual Studio Version 16
VisualStudioVersion = 16.0.29424.173
MinimumVisualStudioVersion = 10.0.40219.1
Project("{FAE04EC0-301F-11D3-BF4B-00C04F79EFBC}") = "WebApiComBancoDeDados", "WebApiComBancoDeDados\WebApiComBancoDeDados.csproj", "{C133E89F-8CE8-420A-B07C-3AB3E4029F6A}"
EndProject
Global
	GlobalSection(SolutionConfigurationPlatforms) = preSolution
		Debug|Any CPU = Debug|Any CPU
		Release|Any CPU = Release|Any CPU
	EndGlobalSection
	GlobalSection(ProjectConfigurationPlatforms) = postSolution
		{C133E89F-8CE8-420A-B07C-3AB3E4029F6A}.Debug|Any CPU.ActiveCfg = Debug|Any CPU
		{C133E89F-8CE8-420A-B07C-3AB3E4029F6A}.Debug|Any CPU.Build.0 = Debug|Any CPU
		{C133E89F-8CE8-420A-B07C-3AB3E4029F6A}.Release|Any CPU.ActiveCfg = Release|Any CPU
		{C133E89F-8CE8-420A-B07C-3AB3E4029F6A}.Release|Any CPU.Build.0 = Release|Any CPU
	EndGlobalSection
	GlobalSection(SolutionProperties) = preSolution
		HideSolutionNode = FALSE
	EndGlobalSection
	GlobalSection(ExtensibilityGlobals) = postSolution
		SolutionGuid = {A82257CF-2933-4BA8-AF38-47308EA3B2FF}
	EndGlobalSection
EndGlobal
