
Microsoft Visual Studio Solution File, Format Version 12.00
# Visual Studio Version 16
VisualStudioVersion = 16.0.29102.190
MinimumVisualStudioVersion = 10.0.40219.1
Project("{FAE04EC0-301F-11D3-BF4B-00C04F79EFBC}") = "CestaDeFrutas", "CestaDeFrutas\CestaDeFrutas.csproj", "{6186AB45-3EEA-4896-8EC4-5B35D75E59FD}"
EndProject
Project("{FAE04EC0-301F-11D3-BF4B-00C04F79EFBC}") = "ListandoPessoas", "ListandoPessoas\ListandoPessoas.csproj", "{D2A84B15-D6B1-45E4-B7BE-488F7C4B0464}"
EndProject
Project("{FAE04EC0-301F-11D3-BF4B-00C04F79EFBC}") = "ListandoPessoas2", "ListandoPessoas2\ListandoPessoas2.csproj", "{574FB5B7-0127-4AC1-9DB9-CBB8A8FA7408}"
EndProject
Global
	GlobalSection(SolutionConfigurationPlatforms) = preSolution
		Debug|Any CPU = Debug|Any CPU
		Release|Any CPU = Release|Any CPU
	EndGlobalSection
	GlobalSection(ProjectConfigurationPlatforms) = postSolution
		{6186AB45-3EEA-4896-8EC4-5B35D75E59FD}.Debug|Any CPU.ActiveCfg = Debug|Any CPU
		{6186AB45-3EEA-4896-8EC4-5B35D75E59FD}.Debug|Any CPU.Build.0 = Debug|Any CPU
		{6186AB45-3EEA-4896-8EC4-5B35D75E59FD}.Release|Any CPU.ActiveCfg = Release|Any CPU
		{6186AB45-3EEA-4896-8EC4-5B35D75E59FD}.Release|Any CPU.Build.0 = Release|Any CPU
		{D2A84B15-D6B1-45E4-B7BE-488F7C4B0464}.Debug|Any CPU.ActiveCfg = Debug|Any CPU
		{D2A84B15-D6B1-45E4-B7BE-488F7C4B0464}.Debug|Any CPU.Build.0 = Debug|Any CPU
		{D2A84B15-D6B1-45E4-B7BE-488F7C4B0464}.Release|Any CPU.ActiveCfg = Release|Any CPU
		{D2A84B15-D6B1-45E4-B7BE-488F7C4B0464}.Release|Any CPU.Build.0 = Release|Any CPU
		{574FB5B7-0127-4AC1-9DB9-CBB8A8FA7408}.Debug|Any CPU.ActiveCfg = Debug|Any CPU
		{574FB5B7-0127-4AC1-9DB9-CBB8A8FA7408}.Debug|Any CPU.Build.0 = Debug|Any CPU
		{574FB5B7-0127-4AC1-9DB9-CBB8A8FA7408}.Release|Any CPU.ActiveCfg = Release|Any CPU
		{574FB5B7-0127-4AC1-9DB9-CBB8A8FA7408}.Release|Any CPU.Build.0 = Release|Any CPU
	EndGlobalSection
	GlobalSection(SolutionProperties) = preSolution
		HideSolutionNode = FALSE
	EndGlobalSection
	GlobalSection(ExtensibilityGlobals) = postSolution
		SolutionGuid = {01944EE0-CEC3-475C-B237-BDDEB2B736D9}
	EndGlobalSection
EndGlobal
