
Microsoft Visual Studio Solution File, Format Version 12.00
# Visual Studio Version 16
VisualStudioVersion = 16.0.29102.190
MinimumVisualStudioVersion = 10.0.40219.1
Project("{FAE04EC0-301F-11D3-BF4B-00C04F79EFBC}") = "ConsoleMiration1", "ConsoleMiration1\ConsoleMiration1.csproj", "{BF87D309-F507-4951-83C4-9A69F9E5461B}"
EndProject
Global
	GlobalSection(SolutionConfigurationPlatforms) = preSolution
		Debug|Any CPU = Debug|Any CPU
		Release|Any CPU = Release|Any CPU
	EndGlobalSection
	GlobalSection(ProjectConfigurationPlatforms) = postSolution
		{BF87D309-F507-4951-83C4-9A69F9E5461B}.Debug|Any CPU.ActiveCfg = Debug|Any CPU
		{BF87D309-F507-4951-83C4-9A69F9E5461B}.Debug|Any CPU.Build.0 = Debug|Any CPU
		{BF87D309-F507-4951-83C4-9A69F9E5461B}.Release|Any CPU.ActiveCfg = Release|Any CPU
		{BF87D309-F507-4951-83C4-9A69F9E5461B}.Release|Any CPU.Build.0 = Release|Any CPU
	EndGlobalSection
	GlobalSection(SolutionProperties) = preSolution
		HideSolutionNode = FALSE
	EndGlobalSection
	GlobalSection(ExtensibilityGlobals) = postSolution
		SolutionGuid = {9B800D23-8FA9-4C88-98BF-4CBDD6C59A76}
	EndGlobalSection
EndGlobal
