
Microsoft Visual Studio Solution File, Format Version 12.00
# Visual Studio Version 16
VisualStudioVersion = 16.0.29102.190
MinimumVisualStudioVersion = 10.0.40219.1
Project("{FAE04EC0-301F-11D3-BF4B-00C04F79EFBC}") = "DoBancoAoEntity", "DoBancoAoEntity\DoBancoAoEntity.csproj", "{5DA85190-6645-4C60-ADFF-6F4D2E793F0E}"
EndProject
Global
	GlobalSection(SolutionConfigurationPlatforms) = preSolution
		Debug|Any CPU = Debug|Any CPU
		Release|Any CPU = Release|Any CPU
	EndGlobalSection
	GlobalSection(ProjectConfigurationPlatforms) = postSolution
		{5DA85190-6645-4C60-ADFF-6F4D2E793F0E}.Debug|Any CPU.ActiveCfg = Debug|Any CPU
		{5DA85190-6645-4C60-ADFF-6F4D2E793F0E}.Debug|Any CPU.Build.0 = Debug|Any CPU
		{5DA85190-6645-4C60-ADFF-6F4D2E793F0E}.Release|Any CPU.ActiveCfg = Release|Any CPU
		{5DA85190-6645-4C60-ADFF-6F4D2E793F0E}.Release|Any CPU.Build.0 = Release|Any CPU
	EndGlobalSection
	GlobalSection(SolutionProperties) = preSolution
		HideSolutionNode = FALSE
	EndGlobalSection
	GlobalSection(ExtensibilityGlobals) = postSolution
		SolutionGuid = {8E217205-425F-4227-A137-F2697F9229F1}
	EndGlobalSection
EndGlobal
