
Microsoft Visual Studio Solution File, Format Version 12.00
# Visual Studio Version 16
VisualStudioVersion = 16.0.29102.190
MinimumVisualStudioVersion = 10.0.40219.1
Project("{FAE04EC0-301F-11D3-BF4B-00C04F79EFBC}") = "WebApplication1", "WebApplication1\WebApplication1.csproj", "{851446E0-AECB-4E04-9ECC-F93C59E50A80}"
EndProject
Global
	GlobalSection(SolutionConfigurationPlatforms) = preSolution
		Debug|Any CPU = Debug|Any CPU
		Release|Any CPU = Release|Any CPU
	EndGlobalSection
	GlobalSection(ProjectConfigurationPlatforms) = postSolution
		{851446E0-AECB-4E04-9ECC-F93C59E50A80}.Debug|Any CPU.ActiveCfg = Debug|Any CPU
		{851446E0-AECB-4E04-9ECC-F93C59E50A80}.Debug|Any CPU.Build.0 = Debug|Any CPU
		{851446E0-AECB-4E04-9ECC-F93C59E50A80}.Release|Any CPU.ActiveCfg = Release|Any CPU
		{851446E0-AECB-4E04-9ECC-F93C59E50A80}.Release|Any CPU.Build.0 = Release|Any CPU
	EndGlobalSection
	GlobalSection(SolutionProperties) = preSolution
		HideSolutionNode = FALSE
	EndGlobalSection
	GlobalSection(ExtensibilityGlobals) = postSolution
		SolutionGuid = {85C5CF41-1CBB-4156-883F-141FB60D3A7B}
	EndGlobalSection
EndGlobal
