
Microsoft Visual Studio Solution File, Format Version 12.00
# Visual Studio Version 16
VisualStudioVersion = 16.0.29424.173
MinimumVisualStudioVersion = 10.0.40219.1
Project("{FAE04EC0-301F-11D3-BF4B-00C04F79EFBC}") = "WebApplication3", "WebApplication3\WebApplication3.csproj", "{E1AC6804-7938-449D-8F6F-867D850B9E48}"
EndProject
Global
	GlobalSection(SolutionConfigurationPlatforms) = preSolution
		Debug|Any CPU = Debug|Any CPU
		Release|Any CPU = Release|Any CPU
	EndGlobalSection
	GlobalSection(ProjectConfigurationPlatforms) = postSolution
		{E1AC6804-7938-449D-8F6F-867D850B9E48}.Debug|Any CPU.ActiveCfg = Debug|Any CPU
		{E1AC6804-7938-449D-8F6F-867D850B9E48}.Debug|Any CPU.Build.0 = Debug|Any CPU
		{E1AC6804-7938-449D-8F6F-867D850B9E48}.Release|Any CPU.ActiveCfg = Release|Any CPU
		{E1AC6804-7938-449D-8F6F-867D850B9E48}.Release|Any CPU.Build.0 = Release|Any CPU
	EndGlobalSection
	GlobalSection(SolutionProperties) = preSolution
		HideSolutionNode = FALSE
	EndGlobalSection
	GlobalSection(ExtensibilityGlobals) = postSolution
		SolutionGuid = {73054453-6A10-43A5-855A-E5CB99E90212}
	EndGlobalSection
EndGlobal
