
Microsoft Visual Studio Solution File, Format Version 12.00
# Visual Studio Version 16
VisualStudioVersion = 16.0.29102.190
MinimumVisualStudioVersion = 10.0.40219.1
Project("{FAE04EC0-301F-11D3-BF4B-00C04F79EFBC}") = "CompactarTexto", "CompactarTexto\CompactarTexto.csproj", "{64F355B1-D305-4A19-B10B-6E70076F5825}"
EndProject
Global
	GlobalSection(SolutionConfigurationPlatforms) = preSolution
		Debug|Any CPU = Debug|Any CPU
		Release|Any CPU = Release|Any CPU
	EndGlobalSection
	GlobalSection(ProjectConfigurationPlatforms) = postSolution
		{64F355B1-D305-4A19-B10B-6E70076F5825}.Debug|Any CPU.ActiveCfg = Debug|Any CPU
		{64F355B1-D305-4A19-B10B-6E70076F5825}.Debug|Any CPU.Build.0 = Debug|Any CPU
		{64F355B1-D305-4A19-B10B-6E70076F5825}.Release|Any CPU.ActiveCfg = Release|Any CPU
		{64F355B1-D305-4A19-B10B-6E70076F5825}.Release|Any CPU.Build.0 = Release|Any CPU
	EndGlobalSection
	GlobalSection(SolutionProperties) = preSolution
		HideSolutionNode = FALSE
	EndGlobalSection
	GlobalSection(ExtensibilityGlobals) = postSolution
		SolutionGuid = {E8429D4E-860D-4772-9704-A6F0D975DC97}
	EndGlobalSection
EndGlobal
