
Microsoft Visual Studio Solution File, Format Version 12.00
# Visual Studio Version 16
VisualStudioVersion = 16.0.29102.190
MinimumVisualStudioVersion = 10.0.40219.1
Project("{FAE04EC0-301F-11D3-BF4B-00C04F79EFBC}") = "UtilizandoWhile", "UtilizandoWhile\UtilizandoWhile.csproj", "{715535B0-46E2-4FC8-9B9F-9CA835DFFFC8}"
EndProject
Project("{FAE04EC0-301F-11D3-BF4B-00C04F79EFBC}") = "UtilizandoFor", "UtilizandoFor\UtilizandoFor.csproj", "{945D7FDB-C403-460D-A93B-E229F43AC50B}"
EndProject
Project("{FAE04EC0-301F-11D3-BF4B-00C04F79EFBC}") = "ExerciciosForWhile", "ExerciciosForWhile\ExerciciosForWhile.csproj", "{D0EE17E8-81C5-486C-A58F-09425145A1C4}"
EndProject
Global
	GlobalSection(SolutionConfigurationPlatforms) = preSolution
		Debug|Any CPU = Debug|Any CPU
		Release|Any CPU = Release|Any CPU
	EndGlobalSection
	GlobalSection(ProjectConfigurationPlatforms) = postSolution
		{715535B0-46E2-4FC8-9B9F-9CA835DFFFC8}.Debug|Any CPU.ActiveCfg = Debug|Any CPU
		{715535B0-46E2-4FC8-9B9F-9CA835DFFFC8}.Debug|Any CPU.Build.0 = Debug|Any CPU
		{715535B0-46E2-4FC8-9B9F-9CA835DFFFC8}.Release|Any CPU.ActiveCfg = Release|Any CPU
		{715535B0-46E2-4FC8-9B9F-9CA835DFFFC8}.Release|Any CPU.Build.0 = Release|Any CPU
		{945D7FDB-C403-460D-A93B-E229F43AC50B}.Debug|Any CPU.ActiveCfg = Debug|Any CPU
		{945D7FDB-C403-460D-A93B-E229F43AC50B}.Debug|Any CPU.Build.0 = Debug|Any CPU
		{945D7FDB-C403-460D-A93B-E229F43AC50B}.Release|Any CPU.ActiveCfg = Release|Any CPU
		{945D7FDB-C403-460D-A93B-E229F43AC50B}.Release|Any CPU.Build.0 = Release|Any CPU
		{D0EE17E8-81C5-486C-A58F-09425145A1C4}.Debug|Any CPU.ActiveCfg = Debug|Any CPU
		{D0EE17E8-81C5-486C-A58F-09425145A1C4}.Debug|Any CPU.Build.0 = Debug|Any CPU
		{D0EE17E8-81C5-486C-A58F-09425145A1C4}.Release|Any CPU.ActiveCfg = Release|Any CPU
		{D0EE17E8-81C5-486C-A58F-09425145A1C4}.Release|Any CPU.Build.0 = Release|Any CPU
	EndGlobalSection
	GlobalSection(SolutionProperties) = preSolution
		HideSolutionNode = FALSE
	EndGlobalSection
	GlobalSection(ExtensibilityGlobals) = postSolution
		SolutionGuid = {243340DE-4F20-4494-8E3E-3C66D5C13C3F}
	EndGlobalSection
EndGlobal
