
Microsoft Visual Studio Solution File, Format Version 12.00
# Visual Studio Version 16
VisualStudioVersion = 16.0.29102.190
MinimumVisualStudioVersion = 10.0.40219.1
Project("{FAE04EC0-301F-11D3-BF4B-00C04F79EFBC}") = "ConsoleApp1", "ConsoleApp1\ConsoleApp1.csproj", "{18621E85-4585-4254-AD3D-AEE8DCC10AA3}"
EndProject
Global
	GlobalSection(SolutionConfigurationPlatforms) = preSolution
		Debug|Any CPU = Debug|Any CPU
		Release|Any CPU = Release|Any CPU
	EndGlobalSection
	GlobalSection(ProjectConfigurationPlatforms) = postSolution
		{18621E85-4585-4254-AD3D-AEE8DCC10AA3}.Debug|Any CPU.ActiveCfg = Debug|Any CPU
		{18621E85-4585-4254-AD3D-AEE8DCC10AA3}.Debug|Any CPU.Build.0 = Debug|Any CPU
		{18621E85-4585-4254-AD3D-AEE8DCC10AA3}.Release|Any CPU.ActiveCfg = Release|Any CPU
		{18621E85-4585-4254-AD3D-AEE8DCC10AA3}.Release|Any CPU.Build.0 = Release|Any CPU
	EndGlobalSection
	GlobalSection(SolutionProperties) = preSolution
		HideSolutionNode = FALSE
	EndGlobalSection
	GlobalSection(ExtensibilityGlobals) = postSolution
		SolutionGuid = {050D8588-0DF6-40C1-85D6-592E61C0F23F}
	EndGlobalSection
EndGlobal
