
Microsoft Visual Studio Solution File, Format Version 12.00
# Visual Studio Version 16
VisualStudioVersion = 16.0.29102.190
MinimumVisualStudioVersion = 10.0.40219.1
Project("{FAE04EC0-301F-11D3-BF4B-00C04F79EFBC}") = "CatalogoCelulares", "CatalogoCelulares\CatalogoCelulares.csproj", "{DCA121EA-6A21-451D-98D0-0EC963B2B911}"
EndProject
Project("{FAE04EC0-301F-11D3-BF4B-00C04F79EFBC}") = "CellDu", "CellDu\CellDu.csproj", "{D3BDB237-D362-4833-988B-BF78D8E2A504}"
EndProject
Global
	GlobalSection(SolutionConfigurationPlatforms) = preSolution
		Debug|Any CPU = Debug|Any CPU
		Release|Any CPU = Release|Any CPU
	EndGlobalSection
	GlobalSection(ProjectConfigurationPlatforms) = postSolution
		{DCA121EA-6A21-451D-98D0-0EC963B2B911}.Debug|Any CPU.ActiveCfg = Debug|Any CPU
		{DCA121EA-6A21-451D-98D0-0EC963B2B911}.Debug|Any CPU.Build.0 = Debug|Any CPU
		{DCA121EA-6A21-451D-98D0-0EC963B2B911}.Release|Any CPU.ActiveCfg = Release|Any CPU
		{DCA121EA-6A21-451D-98D0-0EC963B2B911}.Release|Any CPU.Build.0 = Release|Any CPU
		{D3BDB237-D362-4833-988B-BF78D8E2A504}.Debug|Any CPU.ActiveCfg = Debug|Any CPU
		{D3BDB237-D362-4833-988B-BF78D8E2A504}.Debug|Any CPU.Build.0 = Debug|Any CPU
		{D3BDB237-D362-4833-988B-BF78D8E2A504}.Release|Any CPU.ActiveCfg = Release|Any CPU
		{D3BDB237-D362-4833-988B-BF78D8E2A504}.Release|Any CPU.Build.0 = Release|Any CPU
	EndGlobalSection
	GlobalSection(SolutionProperties) = preSolution
		HideSolutionNode = FALSE
	EndGlobalSection
	GlobalSection(ExtensibilityGlobals) = postSolution
		SolutionGuid = {6B029E27-2073-4729-8B2E-28A0981A1CC9}
	EndGlobalSection
EndGlobal
