
Microsoft Visual Studio Solution File, Format Version 12.00
# Visual Studio Version 16
VisualStudioVersion = 16.0.29102.190
MinimumVisualStudioVersion = 10.0.40219.1
Project("{FAE04EC0-301F-11D3-BF4B-00C04F79EFBC}") = "WebApplication2", "WebApplication2\WebApplication2.csproj", "{AF4E47F0-D7D1-442C-A9ED-1185289158B6}"
EndProject
Global
	GlobalSection(SolutionConfigurationPlatforms) = preSolution
		Debug|Any CPU = Debug|Any CPU
		Release|Any CPU = Release|Any CPU
	EndGlobalSection
	GlobalSection(ProjectConfigurationPlatforms) = postSolution
		{AF4E47F0-D7D1-442C-A9ED-1185289158B6}.Debug|Any CPU.ActiveCfg = Debug|Any CPU
		{AF4E47F0-D7D1-442C-A9ED-1185289158B6}.Debug|Any CPU.Build.0 = Debug|Any CPU
		{AF4E47F0-D7D1-442C-A9ED-1185289158B6}.Release|Any CPU.ActiveCfg = Release|Any CPU
		{AF4E47F0-D7D1-442C-A9ED-1185289158B6}.Release|Any CPU.Build.0 = Release|Any CPU
	EndGlobalSection
	GlobalSection(SolutionProperties) = preSolution
		HideSolutionNode = FALSE
	EndGlobalSection
	GlobalSection(ExtensibilityGlobals) = postSolution
		SolutionGuid = {C6F01493-7C56-4EF8-9C43-49DD1C1C8877}
	EndGlobalSection
EndGlobal
