
Microsoft Visual Studio Solution File, Format Version 12.00
# Visual Studio Version 16
VisualStudioVersion = 16.0.29102.190
MinimumVisualStudioVersion = 10.0.40219.1
Project("{FAE04EC0-301F-11D3-BF4B-00C04F79EFBC}") = "SistemaRelatorioCarros", "SistemaRelatorioCarros\SistemaRelatorioCarros.csproj", "{33E392E6-95F3-40CD-9389-72C79DBD6FCF}"
EndProject
Project("{FAE04EC0-301F-11D3-BF4B-00C04F79EFBC}") = "InterfaceSistemaRelatorio", "InterfaceSistemaRelatorio\InterfaceSistemaRelatorio.csproj", "{FF18F5A5-F477-4ED9-BE52-37E816622304}"
EndProject
Global
	GlobalSection(SolutionConfigurationPlatforms) = preSolution
		Debug|Any CPU = Debug|Any CPU
		Release|Any CPU = Release|Any CPU
	EndGlobalSection
	GlobalSection(ProjectConfigurationPlatforms) = postSolution
		{33E392E6-95F3-40CD-9389-72C79DBD6FCF}.Debug|Any CPU.ActiveCfg = Debug|Any CPU
		{33E392E6-95F3-40CD-9389-72C79DBD6FCF}.Debug|Any CPU.Build.0 = Debug|Any CPU
		{33E392E6-95F3-40CD-9389-72C79DBD6FCF}.Release|Any CPU.ActiveCfg = Release|Any CPU
		{33E392E6-95F3-40CD-9389-72C79DBD6FCF}.Release|Any CPU.Build.0 = Release|Any CPU
		{FF18F5A5-F477-4ED9-BE52-37E816622304}.Debug|Any CPU.ActiveCfg = Debug|Any CPU
		{FF18F5A5-F477-4ED9-BE52-37E816622304}.Debug|Any CPU.Build.0 = Debug|Any CPU
		{FF18F5A5-F477-4ED9-BE52-37E816622304}.Release|Any CPU.ActiveCfg = Release|Any CPU
		{FF18F5A5-F477-4ED9-BE52-37E816622304}.Release|Any CPU.Build.0 = Release|Any CPU
	EndGlobalSection
	GlobalSection(SolutionProperties) = preSolution
		HideSolutionNode = FALSE
	EndGlobalSection
	GlobalSection(ExtensibilityGlobals) = postSolution
		SolutionGuid = {6C318870-EE91-4633-A762-B2B85045C10E}
	EndGlobalSection
EndGlobal
