
Microsoft Visual Studio Solution File, Format Version 12.00
# Visual Studio Version 16
VisualStudioVersion = 16.0.29102.190
MinimumVisualStudioVersion = 10.0.40219.1
Project("{FAE04EC0-301F-11D3-BF4B-00C04F79EFBC}") = "CicloWhile", "CicloWhile\CicloWhile.csproj", "{B7F065C0-FF3E-4C0C-BFF4-7C77249B8336}"
EndProject
Project("{FAE04EC0-301F-11D3-BF4B-00C04F79EFBC}") = "Walk", "Walk\Walk.csproj", "{F3C690D1-709A-4689-8F27-3260F120A913}"
EndProject
Project("{FAE04EC0-301F-11D3-BF4B-00C04F79EFBC}") = "TimeNowShow", "TimeNowShow\TimeNowShow.csproj", "{DDB61C2E-FCBB-43AB-823F-C688C2DCA7F7}"
EndProject
Global
	GlobalSection(SolutionConfigurationPlatforms) = preSolution
		Debug|Any CPU = Debug|Any CPU
		Release|Any CPU = Release|Any CPU
	EndGlobalSection
	GlobalSection(ProjectConfigurationPlatforms) = postSolution
		{B7F065C0-FF3E-4C0C-BFF4-7C77249B8336}.Debug|Any CPU.ActiveCfg = Debug|Any CPU
		{B7F065C0-FF3E-4C0C-BFF4-7C77249B8336}.Debug|Any CPU.Build.0 = Debug|Any CPU
		{B7F065C0-FF3E-4C0C-BFF4-7C77249B8336}.Release|Any CPU.ActiveCfg = Release|Any CPU
		{B7F065C0-FF3E-4C0C-BFF4-7C77249B8336}.Release|Any CPU.Build.0 = Release|Any CPU
		{F3C690D1-709A-4689-8F27-3260F120A913}.Debug|Any CPU.ActiveCfg = Debug|Any CPU
		{F3C690D1-709A-4689-8F27-3260F120A913}.Debug|Any CPU.Build.0 = Debug|Any CPU
		{F3C690D1-709A-4689-8F27-3260F120A913}.Release|Any CPU.ActiveCfg = Release|Any CPU
		{F3C690D1-709A-4689-8F27-3260F120A913}.Release|Any CPU.Build.0 = Release|Any CPU
		{DDB61C2E-FCBB-43AB-823F-C688C2DCA7F7}.Debug|Any CPU.ActiveCfg = Debug|Any CPU
		{DDB61C2E-FCBB-43AB-823F-C688C2DCA7F7}.Debug|Any CPU.Build.0 = Debug|Any CPU
		{DDB61C2E-FCBB-43AB-823F-C688C2DCA7F7}.Release|Any CPU.ActiveCfg = Release|Any CPU
		{DDB61C2E-FCBB-43AB-823F-C688C2DCA7F7}.Release|Any CPU.Build.0 = Release|Any CPU
	EndGlobalSection
	GlobalSection(SolutionProperties) = preSolution
		HideSolutionNode = FALSE
	EndGlobalSection
	GlobalSection(ExtensibilityGlobals) = postSolution
		SolutionGuid = {4457E264-1279-4F92-A456-8BEB0BF83358}
	EndGlobalSection
EndGlobal
