
Microsoft Visual Studio Solution File, Format Version 12.00
# Visual Studio Version 16
VisualStudioVersion = 16.0.29424.173
MinimumVisualStudioVersion = 10.0.40219.1
Project("{FAE04EC0-301F-11D3-BF4B-00C04F79EFBC}") = "WebApiConectDataBase", "WebApiConectDataBase\WebApiConectDataBase.csproj", "{8A196184-6BDF-4EC1-B3BF-DEB332E5E51E}"
EndProject
Global
	GlobalSection(SolutionConfigurationPlatforms) = preSolution
		Debug|Any CPU = Debug|Any CPU
		Release|Any CPU = Release|Any CPU
	EndGlobalSection
	GlobalSection(ProjectConfigurationPlatforms) = postSolution
		{8A196184-6BDF-4EC1-B3BF-DEB332E5E51E}.Debug|Any CPU.ActiveCfg = Debug|Any CPU
		{8A196184-6BDF-4EC1-B3BF-DEB332E5E51E}.Debug|Any CPU.Build.0 = Debug|Any CPU
		{8A196184-6BDF-4EC1-B3BF-DEB332E5E51E}.Release|Any CPU.ActiveCfg = Release|Any CPU
		{8A196184-6BDF-4EC1-B3BF-DEB332E5E51E}.Release|Any CPU.Build.0 = Release|Any CPU
	EndGlobalSection
	GlobalSection(SolutionProperties) = preSolution
		HideSolutionNode = FALSE
	EndGlobalSection
	GlobalSection(ExtensibilityGlobals) = postSolution
		SolutionGuid = {A1CB8937-6559-436B-B05E-91D8390610D4}
	EndGlobalSection
EndGlobal
