
Microsoft Visual Studio Solution File, Format Version 12.00
# Visual Studio Version 16
VisualStudioVersion = 16.0.29102.190
MinimumVisualStudioVersion = 10.0.40219.1
Project("{FAE04EC0-301F-11D3-BF4B-00C04F79EFBC}") = "WebAPIListaDeNomesSimples", "WebAPIListaDeNomesSimples\WebAPIListaDeNomesSimples.csproj", "{1F49FAA7-1124-4C4E-A6FA-202A521E0693}"
EndProject
Global
	GlobalSection(SolutionConfigurationPlatforms) = preSolution
		Debug|Any CPU = Debug|Any CPU
		Release|Any CPU = Release|Any CPU
	EndGlobalSection
	GlobalSection(ProjectConfigurationPlatforms) = postSolution
		{1F49FAA7-1124-4C4E-A6FA-202A521E0693}.Debug|Any CPU.ActiveCfg = Debug|Any CPU
		{1F49FAA7-1124-4C4E-A6FA-202A521E0693}.Debug|Any CPU.Build.0 = Debug|Any CPU
		{1F49FAA7-1124-4C4E-A6FA-202A521E0693}.Release|Any CPU.ActiveCfg = Release|Any CPU
		{1F49FAA7-1124-4C4E-A6FA-202A521E0693}.Release|Any CPU.Build.0 = Release|Any CPU
	EndGlobalSection
	GlobalSection(SolutionProperties) = preSolution
		HideSolutionNode = FALSE
	EndGlobalSection
	GlobalSection(ExtensibilityGlobals) = postSolution
		SolutionGuid = {868ABC71-B09E-4947-A06B-9999B9F33904}
	EndGlobalSection
EndGlobal
