
Microsoft Visual Studio Solution File, Format Version 12.00
# Visual Studio Version 16
VisualStudioVersion = 16.0.29102.190
MinimumVisualStudioVersion = 10.0.40219.1
Project("{FAE04EC0-301F-11D3-BF4B-00C04F79EFBC}") = "SiteIMC", "SiteIMC\SiteIMC.csproj", "{B20A9FF2-5E7C-4BB8-BB9C-B08717B64265}"
EndProject
Global
	GlobalSection(SolutionConfigurationPlatforms) = preSolution
		Debug|Any CPU = Debug|Any CPU
		Release|Any CPU = Release|Any CPU
	EndGlobalSection
	GlobalSection(ProjectConfigurationPlatforms) = postSolution
		{B20A9FF2-5E7C-4BB8-BB9C-B08717B64265}.Debug|Any CPU.ActiveCfg = Debug|Any CPU
		{B20A9FF2-5E7C-4BB8-BB9C-B08717B64265}.Debug|Any CPU.Build.0 = Debug|Any CPU
		{B20A9FF2-5E7C-4BB8-BB9C-B08717B64265}.Release|Any CPU.ActiveCfg = Release|Any CPU
		{B20A9FF2-5E7C-4BB8-BB9C-B08717B64265}.Release|Any CPU.Build.0 = Release|Any CPU
	EndGlobalSection
	GlobalSection(SolutionProperties) = preSolution
		HideSolutionNode = FALSE
	EndGlobalSection
	GlobalSection(ExtensibilityGlobals) = postSolution
		SolutionGuid = {3134186B-DE93-4450-A8E4-4580E786441B}
	EndGlobalSection
EndGlobal
