
Microsoft Visual Studio Solution File, Format Version 12.00
# Visual Studio Version 16
VisualStudioVersion = 16.0.29102.190
MinimumVisualStudioVersion = 10.0.40219.1
Project("{FAE04EC0-301F-11D3-BF4B-00C04F79EFBC}") = "CalculandoIdade", "CalculandoIdade\CalculandoIdade.csproj", "{FC697A9D-3EEC-48A1-9B47-CE5553031070}"
EndProject
Global
	GlobalSection(SolutionConfigurationPlatforms) = preSolution
		Debug|Any CPU = Debug|Any CPU
		Release|Any CPU = Release|Any CPU
	EndGlobalSection
	GlobalSection(ProjectConfigurationPlatforms) = postSolution
		{FC697A9D-3EEC-48A1-9B47-CE5553031070}.Debug|Any CPU.ActiveCfg = Debug|Any CPU
		{FC697A9D-3EEC-48A1-9B47-CE5553031070}.Debug|Any CPU.Build.0 = Debug|Any CPU
		{FC697A9D-3EEC-48A1-9B47-CE5553031070}.Release|Any CPU.ActiveCfg = Release|Any CPU
		{FC697A9D-3EEC-48A1-9B47-CE5553031070}.Release|Any CPU.Build.0 = Release|Any CPU
	EndGlobalSection
	GlobalSection(SolutionProperties) = preSolution
		HideSolutionNode = FALSE
	EndGlobalSection
	GlobalSection(ExtensibilityGlobals) = postSolution
		SolutionGuid = {317FB192-1256-44D4-88FD-100515AC2325}
	EndGlobalSection
EndGlobal
